// !$*UTF8*$!
{
	archiveVersion = 1;
	classes = {
	};
	objectVersion = 46;
	objects = {

/* Begin PBXBuildFile section */
		238C7D055BDF071F9E8681E6 /* Pods_GG1L3Parse.framework in Frameworks */ = {isa = PBXBuildFile; fileRef = 7ED258ED30E987C822F69F20 /* Pods_GG1L3Parse.framework */; };
		4C0B52C21ED35E3D0080886F /* ooo.png in Resources */ = {isa = PBXBuildFile; fileRef = 4C0B52C11ED35E3D0080886F /* ooo.png */; };
		4C348D221EDF337D00E8E4FC /* Localizable.strings in Resources */ = {isa = PBXBuildFile; fileRef = 4C348D241EDF337D00E8E4FC /* Localizable.strings */; };
		4CA4D1D11EC4D4DA0010BE5F /* AppDelegate.swift in Sources */ = {isa = PBXBuildFile; fileRef = 4CA4D1D01EC4D4DA0010BE5F /* AppDelegate.swift */; };
		4CA4D1D31EC4D4DA0010BE5F /* MasterViewController.swift in Sources */ = {isa = PBXBuildFile; fileRef = 4CA4D1D21EC4D4DA0010BE5F /* MasterViewController.swift */; };
		4CA4D1D51EC4D4DA0010BE5F /* DetailViewController.swift in Sources */ = {isa = PBXBuildFile; fileRef = 4CA4D1D41EC4D4DA0010BE5F /* DetailViewController.swift */; };
		4CA4D1D81EC4D4DA0010BE5F /* Main.storyboard in Resources */ = {isa = PBXBuildFile; fileRef = 4CA4D1D61EC4D4DA0010BE5F /* Main.storyboard */; };
		4CA4D1DA1EC4D4DA0010BE5F /* Assets.xcassets in Resources */ = {isa = PBXBuildFile; fileRef = 4CA4D1D91EC4D4DA0010BE5F /* Assets.xcassets */; };
		4CA4D1DD1EC4D4DA0010BE5F /* LaunchScreen.storyboard in Resources */ = {isa = PBXBuildFile; fileRef = 4CA4D1DB1EC4D4DA0010BE5F /* LaunchScreen.storyboard */; };
		4CA4D1E51EC4E4050010BE5F /* AddPostViewController.swift in Sources */ = {isa = PBXBuildFile; fileRef = 4CA4D1E41EC4E4050010BE5F /* AddPostViewController.swift */; };
		4CA9C1311ECF5AC500EC098D /* SecretDataModel.xcdatamodeld in Sources */ = {isa = PBXBuildFile; fileRef = 4CA9C12F1ECF5AC500EC098D /* SecretDataModel.xcdatamodeld */; };
		4CA9C1661ECF674A00EC098D /* Comment+CoreDataClass.swift in Sources */ = {isa = PBXBuildFile; fileRef = 4CA9C1601ECF674A00EC098D /* Comment+CoreDataClass.swift */; };
		4CA9C1671ECF674A00EC098D /* Comment+CoreDataProperties.swift in Sources */ = {isa = PBXBuildFile; fileRef = 4CA9C1611ECF674A00EC098D /* Comment+CoreDataProperties.swift */; };
		4CA9C1681ECF674A00EC098D /* User+CoreDataClass.swift in Sources */ = {isa = PBXBuildFile; fileRef = 4CA9C1621ECF674A00EC098D /* User+CoreDataClass.swift */; };
		4CA9C1691ECF674A00EC098D /* User+CoreDataProperties.swift in Sources */ = {isa = PBXBuildFile; fileRef = 4CA9C1631ECF674A00EC098D /* User+CoreDataProperties.swift */; };
		4CA9C16A1ECF674A00EC098D /* Post+CoreDataClass.swift in Sources */ = {isa = PBXBuildFile; fileRef = 4CA9C1641ECF674A00EC098D /* Post+CoreDataClass.swift */; };
		4CA9C16B1ECF674A00EC098D /* Post+CoreDataProperties.swift in Sources */ = {isa = PBXBuildFile; fileRef = 4CA9C1651ECF674A00EC098D /* Post+CoreDataProperties.swift */; };
		4CF643411ECCCB7B0019787F /* VerificationVC.swift in Sources */ = {isa = PBXBuildFile; fileRef = 4CF643401ECCCB7B0019787F /* VerificationVC.swift */; };
/* End PBXBuildFile section */

/* Begin PBXFileReference section */
		4C0B52C11ED35E3D0080886F /* ooo.png */ = {isa = PBXFileReference; lastKnownFileType = image.png; path = ooo.png; sourceTree = "<group>"; };
		4C348D1C1EDF2AA100E8E4FC /* uk */ = {isa = PBXFileReference; lastKnownFileType = text.plist.strings; name = uk; path = uk.lproj/Main.strings; sourceTree = "<group>"; };
		4C348D1D1EDF2AA100E8E4FC /* uk */ = {isa = PBXFileReference; lastKnownFileType = text.plist.strings; name = uk; path = uk.lproj/LaunchScreen.strings; sourceTree = "<group>"; };
		4C348D231EDF337D00E8E4FC /* Base */ = {isa = PBXFileReference; lastKnownFileType = text.plist.strings; name = Base; path = Base.lproj/Localizable.strings; sourceTree = "<group>"; };
		4C348D251EDF338C00E8E4FC /* en */ = {isa = PBXFileReference; lastKnownFileType = text.plist.strings; name = en; path = en.lproj/Localizable.strings; sourceTree = "<group>"; };
		4C348D261EDF338D00E8E4FC /* uk */ = {isa = PBXFileReference; lastKnownFileType = text.plist.strings; name = uk; path = uk.lproj/Localizable.strings; sourceTree = "<group>"; };
		4CA4D1CD1EC4D4DA0010BE5F /* GG1L3Parse.app */ = {isa = PBXFileReference; explicitFileType = wrapper.application; includeInIndex = 0; path = GG1L3Parse.app; sourceTree = BUILT_PRODUCTS_DIR; };
		4CA4D1D01EC4D4DA0010BE5F /* AppDelegate.swift */ = {isa = PBXFileReference; lastKnownFileType = sourcecode.swift; path = AppDelegate.swift; sourceTree = "<group>"; };
		4CA4D1D21EC4D4DA0010BE5F /* MasterViewController.swift */ = {isa = PBXFileReference; lastKnownFileType = sourcecode.swift; path = MasterViewController.swift; sourceTree = "<group>"; };
		4CA4D1D41EC4D4DA0010BE5F /* DetailViewController.swift */ = {isa = PBXFileReference; lastKnownFileType = sourcecode.swift; path = DetailViewController.swift; sourceTree = "<group>"; };
		4CA4D1D71EC4D4DA0010BE5F /* Base */ = {isa = PBXFileReference; lastKnownFileType = file.storyboard; name = Base; path = Base.lproj/Main.storyboard; sourceTree = "<group>"; };
		4CA4D1D91EC4D4DA0010BE5F /* Assets.xcassets */ = {isa = PBXFileReference; lastKnownFileType = folder.assetcatalog; path = Assets.xcassets; sourceTree = "<group>"; };
		4CA4D1DC1EC4D4DA0010BE5F /* Base */ = {isa = PBXFileReference; lastKnownFileType = file.storyboard; name = Base; path = Base.lproj/LaunchScreen.storyboard; sourceTree = "<group>"; };
		4CA4D1DE1EC4D4DA0010BE5F /* Info.plist */ = {isa = PBXFileReference; lastKnownFileType = text.plist.xml; path = Info.plist; sourceTree = "<group>"; };
		4CA4D1E41EC4E4050010BE5F /* AddPostViewController.swift */ = {isa = PBXFileReference; fileEncoding = 4; lastKnownFileType = sourcecode.swift; path = AddPostViewController.swift; sourceTree = "<group>"; };
		4CA9C1301ECF5AC500EC098D /* SecretDataModel.xcdatamodel */ = {isa = PBXFileReference; lastKnownFileType = wrapper.xcdatamodel; path = SecretDataModel.xcdatamodel; sourceTree = "<group>"; };
		4CA9C1601ECF674A00EC098D /* Comment+CoreDataClass.swift */ = {isa = PBXFileReference; fileEncoding = 4; lastKnownFileType = sourcecode.swift; path = "Comment+CoreDataClass.swift"; sourceTree = "<group>"; };
		4CA9C1611ECF674A00EC098D /* Comment+CoreDataProperties.swift */ = {isa = PBXFileReference; fileEncoding = 4; lastKnownFileType = sourcecode.swift; path = "Comment+CoreDataProperties.swift"; sourceTree = "<group>"; };
		4CA9C1621ECF674A00EC098D /* User+CoreDataClass.swift */ = {isa = PBXFileReference; fileEncoding = 4; lastKnownFileType = sourcecode.swift; path = "User+CoreDataClass.swift"; sourceTree = "<group>"; };
		4CA9C1631ECF674A00EC098D /* User+CoreDataProperties.swift */ = {isa = PBXFileReference; fileEncoding = 4; lastKnownFileType = sourcecode.swift; path = "User+CoreDataProperties.swift"; sourceTree = "<group>"; };
		4CA9C1641ECF674A00EC098D /* Post+CoreDataClass.swift */ = {isa = PBXFileReference; fileEncoding = 4; lastKnownFileType = sourcecode.swift; path = "Post+CoreDataClass.swift"; sourceTree = "<group>"; };
		4CA9C1651ECF674A00EC098D /* Post+CoreDataProperties.swift */ = {isa = PBXFileReference; fileEncoding = 4; lastKnownFileType = sourcecode.swift; path = "Post+CoreDataProperties.swift"; sourceTree = "<group>"; };
		4CF643401ECCCB7B0019787F /* VerificationVC.swift */ = {isa = PBXFileReference; fileEncoding = 4; lastKnownFileType = sourcecode.swift; path = VerificationVC.swift; sourceTree = "<group>"; };
		7ED258ED30E987C822F69F20 /* Pods_GG1L3Parse.framework */ = {isa = PBXFileReference; explicitFileType = wrapper.framework; includeInIndex = 0; path = Pods_GG1L3Parse.framework; sourceTree = BUILT_PRODUCTS_DIR; };
		C9C6CE100CA6235C7CE2C295 /* Pods-GG1L3Parse.debug.xcconfig */ = {isa = PBXFileReference; includeInIndex = 1; lastKnownFileType = text.xcconfig; name = "Pods-GG1L3Parse.debug.xcconfig"; path = "Pods/Target Support Files/Pods-GG1L3Parse/Pods-GG1L3Parse.debug.xcconfig"; sourceTree = "<group>"; };
		E8F2C99DB15566D5902318A1 /* Pods-GG1L3Parse.release.xcconfig */ = {isa = PBXFileReference; includeInIndex = 1; lastKnownFileType = text.xcconfig; name = "Pods-GG1L3Parse.release.xcconfig"; path = "Pods/Target Support Files/Pods-GG1L3Parse/Pods-GG1L3Parse.release.xcconfig"; sourceTree = "<group>"; };
/* End PBXFileReference section */

/* Begin PBXFrameworksBuildPhase section */
		4CA4D1CA1EC4D4DA0010BE5F /* Frameworks */ = {
			isa = PBXFrameworksBuildPhase;
			buildActionMask = 2147483647;
			files = (
				238C7D055BDF071F9E8681E6 /* Pods_GG1L3Parse.framework in Frameworks */,
			);
			runOnlyForDeploymentPostprocessing = 0;
		};
/* End PBXFrameworksBuildPhase section */

/* Begin PBXGroup section */
		22DEFB9F46EB0FD341F0D2DE /* Frameworks */ = {
			isa = PBXGroup;
			children = (
				7ED258ED30E987C822F69F20 /* Pods_GG1L3Parse.framework */,
			);
			name = Frameworks;
			sourceTree = "<group>";
		};
		4CA4D1C41EC4D4DA0010BE5F = {
			isa = PBXGroup;
			children = (
				4C348D241EDF337D00E8E4FC /* Localizable.strings */,
				4CA9C13E1ECF622D00EC098D /* ModelDB */,
				4CA4D1CF1EC4D4DA0010BE5F /* GG1L3Parse */,
				4CA4D1CE1EC4D4DA0010BE5F /* Products */,
				D28D42898AB507D5A56C075C /* Pods */,
				22DEFB9F46EB0FD341F0D2DE /* Frameworks */,
			);
			sourceTree = "<group>";
		};
		4CA4D1CE1EC4D4DA0010BE5F /* Products */ = {
			isa = PBXGroup;
			children = (
				4CA4D1CD1EC4D4DA0010BE5F /* GG1L3Parse.app */,
			);
			name = Products;
			sourceTree = "<group>";
		};
		4CA4D1CF1EC4D4DA0010BE5F /* GG1L3Parse */ = {
			isa = PBXGroup;
			children = (
				4CA4D1D61EC4D4DA0010BE5F /* Main.storyboard */,
				4CA9C12F1ECF5AC500EC098D /* SecretDataModel.xcdatamodeld */,
				4CA4D1D01EC4D4DA0010BE5F /* AppDelegate.swift */,
				4CF643401ECCCB7B0019787F /* VerificationVC.swift */,
				4CA4D1D21EC4D4DA0010BE5F /* MasterViewController.swift */,
				4CA4D1D41EC4D4DA0010BE5F /* DetailViewController.swift */,
				4CA4D1E41EC4E4050010BE5F /* AddPostViewController.swift */,
				4C0B52C11ED35E3D0080886F /* ooo.png */,
				4CA4D1D91EC4D4DA0010BE5F /* Assets.xcassets */,
				4CA4D1DB1EC4D4DA0010BE5F /* LaunchScreen.storyboard */,
				4CA4D1DE1EC4D4DA0010BE5F /* Info.plist */,
			);
			path = GG1L3Parse;
			sourceTree = "<group>";
		};
		4CA9C13E1ECF622D00EC098D /* ModelDB */ = {
			isa = PBXGroup;
			children = (
				4CA9C1601ECF674A00EC098D /* Comment+CoreDataClass.swift */,
				4CA9C1611ECF674A00EC098D /* Comment+CoreDataProperties.swift */,
				4CA9C1621ECF674A00EC098D /* User+CoreDataClass.swift */,
				4CA9C1631ECF674A00EC098D /* User+CoreDataProperties.swift */,
				4CA9C1641ECF674A00EC098D /* Post+CoreDataClass.swift */,
				4CA9C1651ECF674A00EC098D /* Post+CoreDataProperties.swift */,
			);
			name = ModelDB;
			sourceTree = "<group>";
		};
		D28D42898AB507D5A56C075C /* Pods */ = {
			isa = PBXGroup;
			children = (
				C9C6CE100CA6235C7CE2C295 /* Pods-GG1L3Parse.debug.xcconfig */,
				E8F2C99DB15566D5902318A1 /* Pods-GG1L3Parse.release.xcconfig */,
			);
			name = Pods;
			sourceTree = "<group>";
		};
/* End PBXGroup section */

/* Begin PBXNativeTarget section */
		4CA4D1CC1EC4D4DA0010BE5F /* GG1L3Parse */ = {
			isa = PBXNativeTarget;
			buildConfigurationList = 4CA4D1E11EC4D4DA0010BE5F /* Build configuration list for PBXNativeTarget "GG1L3Parse" */;
			buildPhases = (
				96EA8D6215F05A0B3A7AD12A /* [CP] Check Pods Manifest.lock */,
				4CA4D1C91EC4D4DA0010BE5F /* Sources */,
				4CA4D1CA1EC4D4DA0010BE5F /* Frameworks */,
				4CA4D1CB1EC4D4DA0010BE5F /* Resources */,
				496F18D911A9A3D1E984E020 /* [CP] Embed Pods Frameworks */,
				FCC7CD3C3F398AB1C0A31267 /* [CP] Copy Pods Resources */,
			);
			buildRules = (
			);
			dependencies = (
			);
			name = GG1L3Parse;
			productName = GG1L3Parse;
			productReference = 4CA4D1CD1EC4D4DA0010BE5F /* GG1L3Parse.app */;
			productType = "com.apple.product-type.application";
		};
/* End PBXNativeTarget section */

/* Begin PBXProject section */
		4CA4D1C51EC4D4DA0010BE5F /* Project object */ = {
			isa = PBXProject;
			attributes = {
				LastSwiftUpdateCheck = 0830;
				LastUpgradeCheck = 0830;
				ORGANIZATIONNAME = "Smoosh Labs";
				TargetAttributes = {
					4CA4D1CC1EC4D4DA0010BE5F = {
						CreatedOnToolsVersion = 8.3.2;
						DevelopmentTeam = T6XM5LZMCJ;
						ProvisioningStyle = Automatic;
					};
				};
			};
			buildConfigurationList = 4CA4D1C81EC4D4DA0010BE5F /* Build configuration list for PBXProject "GG1L3Parse" */;
			compatibilityVersion = "Xcode 3.2";
			developmentRegion = English;
			hasScannedForEncodings = 0;
			knownRegions = (
				en,
				Base,
				uk,
			);
			mainGroup = 4CA4D1C41EC4D4DA0010BE5F;
			productRefGroup = 4CA4D1CE1EC4D4DA0010BE5F /* Products */;
			projectDirPath = "";
			projectRoot = "";
			targets = (
				4CA4D1CC1EC4D4DA0010BE5F /* GG1L3Parse */,
			);
		};
/* End PBXProject section */

/* Begin PBXResourcesBuildPhase section */
		4CA4D1CB1EC4D4DA0010BE5F /* Resources */ = {
			isa = PBXResourcesBuildPhase;
			buildActionMask = 2147483647;
			files = (
				4CA4D1DD1EC4D4DA0010BE5F /* LaunchScreen.storyboard in Resources */,
				4C348D221EDF337D00E8E4FC /* Localizable.strings in Resources */,
				4CA4D1DA1EC4D4DA0010BE5F /* Assets.xcassets in Resources */,
				4CA4D1D81EC4D4DA0010BE5F /* Main.storyboard in Resources */,
				4C0B52C21ED35E3D0080886F /* ooo.png in Resources */,
			);
			runOnlyForDeploymentPostprocessing = 0;
		};
/* End PBXResourcesBuildPhase section */

/* Begin PBXShellScriptBuildPhase section */
		496F18D911A9A3D1E984E020 /* [CP] Embed Pods Frameworks */ = {
			isa = PBXShellScriptBuildPhase;
			buildActionMask = 2147483647;
			files = (
			);
			inputPaths = (
			);
			name = "[CP] Embed Pods Frameworks";
			outputPaths = (
			);
			runOnlyForDeploymentPostprocessing = 0;
			shellPath = /bin/sh;
			shellScript = "\"${SRCROOT}/Pods/Target Support Files/Pods-GG1L3Parse/Pods-GG1L3Parse-frameworks.sh\"\n";
			showEnvVarsInLog = 0;
		};
		96EA8D6215F05A0B3A7AD12A /* [CP] Check Pods Manifest.lock */ = {
			isa = PBXShellScriptBuildPhase;
			buildActionMask = 2147483647;
			files = (
			);
			inputPaths = (
			);
			name = "[CP] Check Pods Manifest.lock";
			outputPaths = (
			);
			runOnlyForDeploymentPostprocessing = 0;
			shellPath = /bin/sh;
			shellScript = "diff \"${PODS_ROOT}/../Podfile.lock\" \"${PODS_ROOT}/Manifest.lock\" > /dev/null\nif [ $? != 0 ] ; then\n    # print error to STDERR\n    echo \"error: The sandbox is not in sync with the Podfile.lock. Run 'pod install' or update your CocoaPods installation.\" >&2\n    exit 1\nfi\n";
			showEnvVarsInLog = 0;
		};
		FCC7CD3C3F398AB1C0A31267 /* [CP] Copy Pods Resources */ = {
			isa = PBXShellScriptBuildPhase;
			buildActionMask = 2147483647;
			files = (
			);
			inputPaths = (
			);
			name = "[CP] Copy Pods Resources";
			outputPaths = (
			);
			runOnlyForDeploymentPostprocessing = 0;
			shellPath = /bin/sh;
			shellScript = "\"${SRCROOT}/Pods/Target Support Files/Pods-GG1L3Parse/Pods-GG1L3Parse-resources.sh\"\n";
			showEnvVarsInLog = 0;
		};
/* End PBXShellScriptBuildPhase section */

/* Begin PBXSourcesBuildPhase section */
		4CA4D1C91EC4D4DA0010BE5F /* Sources */ = {
			isa = PBXSourcesBuildPhase;
			buildActionMask = 2147483647;
			files = (
				4CA4D1E51EC4E4050010BE5F /* AddPostViewController.swift in Sources */,
				4CF643411ECCCB7B0019787F /* VerificationVC.swift in Sources */,
				4CA9C1671ECF674A00EC098D /* Comment+CoreDataProperties.swift in Sources */,
				4CA4D1D51EC4D4DA0010BE5F /* DetailViewController.swift in Sources */,
				4CA9C16A1ECF674A00EC098D /* Post+CoreDataClass.swift in Sources */,
				4CA9C16B1ECF674A00EC098D /* Post+CoreDataProperties.swift in Sources */,
				4CA4D1D31EC4D4DA0010BE5F /* MasterViewController.swift in Sources */,
				4CA9C1681ECF674A00EC098D /* User+CoreDataClass.swift in Sources */,
				4CA4D1D11EC4D4DA0010BE5F /* AppDelegate.swift in Sources */,
				4CA9C1661ECF674A00EC098D /* Comment+CoreDataClass.swift in Sources */,
				4CA9C1691ECF674A00EC098D /* User+CoreDataProperties.swift in Sources */,
				4CA9C1311ECF5AC500EC098D /* SecretDataModel.xcdatamodeld in Sources */,
			);
			runOnlyForDeploymentPostprocessing = 0;
		};
/* End PBXSourcesBuildPhase section */

/* Begin PBXVariantGroup section */
		4C348D241EDF337D00E8E4FC /* Localizable.strings */ = {
			isa = PBXVariantGroup;
			children = (
				4C348D231EDF337D00E8E4FC /* Base */,
				4C348D251EDF338C00E8E4FC /* en */,
				4C348D261EDF338D00E8E4FC /* uk */,
			);
			name = Localizable.strings;
			path = GG1L3Parse;
			sourceTree = "<group>";
		};
		4CA4D1D61EC4D4DA0010BE5F /* Main.storyboard */ = {
			isa = PBXVariantGroup;
			children = (
				4CA4D1D71EC4D4DA0010BE5F /* Base */,
				4C348D1C1EDF2AA100E8E4FC /* uk */,
			);
			name = Main.storyboard;
			sourceTree = "<group>";
		};
		4CA4D1DB1EC4D4DA0010BE5F /* LaunchScreen.storyboard */ = {
			isa = PBXVariantGroup;
			children = (
				4CA4D1DC1EC4D4DA0010BE5F /* Base */,
				4C348D1D1EDF2AA100E8E4FC /* uk */,
			);
			name = LaunchScreen.storyboard;
			sourceTree = "<group>";
		};
/* End PBXVariantGroup section */

/* Begin XCBuildConfiguration section */
		4CA4D1DF1EC4D4DA0010BE5F /* Debug */ = {
			isa = XCBuildConfiguration;
			buildSettings = {
				ALWAYS_SEARCH_USER_PATHS = NO;
				CLANG_ANALYZER_LOCALIZABILITY_NONLOCALIZED = YES;
				CLANG_ANALYZER_NONNULL = YES;
				CLANG_ANALYZER_NUMBER_OBJECT_CONVERSION = YES_AGGRESSIVE;
				CLANG_CXX_LANGUAGE_STANDARD = "gnu++0x";
				CLANG_CXX_LIBRARY = "libc++";
				CLANG_ENABLE_MODULES = YES;
				CLANG_ENABLE_OBJC_ARC = YES;
				CLANG_WARN_BOOL_CONVERSION = YES;
				CLANG_WARN_CONSTANT_CONVERSION = YES;
				CLANG_WARN_DIRECT_OBJC_ISA_USAGE = YES_ERROR;
				CLANG_WARN_DOCUMENTATION_COMMENTS = YES;
				CLANG_WARN_EMPTY_BODY = YES;
				CLANG_WARN_ENUM_CONVERSION = YES;
				CLANG_WARN_INFINITE_RECURSION = YES;
				CLANG_WARN_INT_CONVERSION = YES;
				CLANG_WARN_OBJC_ROOT_CLASS = YES_ERROR;
				CLANG_WARN_SUSPICIOUS_MOVE = YES;
				CLANG_WARN_UNREACHABLE_CODE = YES;
				CLANG_WARN__DUPLICATE_METHOD_MATCH = YES;
				"CODE_SIGN_IDENTITY[sdk=iphoneos*]" = "iPhone Developer";
				COPY_PHASE_STRIP = NO;
				DEBUG_INFORMATION_FORMAT = dwarf;
				ENABLE_STRICT_OBJC_MSGSEND = YES;
				ENABLE_TESTABILITY = YES;
				GCC_C_LANGUAGE_STANDARD = gnu99;
				GCC_DYNAMIC_NO_PIC = NO;
				GCC_NO_COMMON_BLOCKS = YES;
				GCC_OPTIMIZATION_LEVEL = 0;
				GCC_PREPROCESSOR_DEFINITIONS = (
					"DEBUG=1",
					"$(inherited)",
				);
				GCC_WARN_64_TO_32_BIT_CONVERSION = YES;
				GCC_WARN_ABOUT_RETURN_TYPE = YES_ERROR;
				GCC_WARN_UNDECLARED_SELECTOR = YES;
				GCC_WARN_UNINITIALIZED_AUTOS = YES_AGGRESSIVE;
				GCC_WARN_UNUSED_FUNCTION = YES;
				GCC_WARN_UNUSED_VARIABLE = YES;
				IPHONEOS_DEPLOYMENT_TARGET = 10.3;
				MTL_ENABLE_DEBUG_INFO = YES;
				ONLY_ACTIVE_ARCH = YES;
				SDKROOT = iphoneos;
				SWIFT_ACTIVE_COMPILATION_CONDITIONS = DEBUG;
				SWIFT_OPTIMIZATION_LEVEL = "-Onone";
				TARGETED_DEVICE_FAMILY = "1,2";
			};
			name = Debug;
		};
		4CA4D1E01EC4D4DA0010BE5F /* Release */ = {
			isa = XCBuildConfiguration;
			buildSettings = {
				ALWAYS_SEARCH_USER_PATHS = NO;
				CLANG_ANALYZER_LOCALIZABILITY_NONLOCALIZED = YES;
				CLANG_ANALYZER_NONNULL = YES;
				CLANG_ANALYZER_NUMBER_OBJECT_CONVERSION = YES_AGGRESSIVE;
				CLANG_CXX_LANGUAGE_STANDARD = "gnu++0x";
				CLANG_CXX_LIBRARY = "libc++";
				CLANG_ENABLE_MODULES = YES;
				CLANG_ENABLE_OBJC_ARC = YES;
				CLANG_WARN_BOOL_CONVERSION = YES;
				CLANG_WARN_CONSTANT_CONVERSION = YES;
				CLANG_WARN_DIRECT_OBJC_ISA_USAGE = YES_ERROR;
				CLANG_WARN_DOCUMENTATION_COMMENTS = YES;
				CLANG_WARN_EMPTY_BODY = YES;
				CLANG_WARN_ENUM_CONVERSION = YES;
				CLANG_WARN_INFINITE_RECURSION = YES;
				CLANG_WARN_INT_CONVERSION = YES;
				CLANG_WARN_OBJC_ROOT_CLASS = YES_ERROR;
				CLANG_WARN_SUSPICIOUS_MOVE = YES;
				CLANG_WARN_UNREACHABLE_CODE = YES;
				CLANG_WARN__DUPLICATE_METHOD_MATCH = YES;
				"CODE_SIGN_IDENTITY[sdk=iphoneos*]" = "iPhone Developer";
				COPY_PHASE_STRIP = NO;
				DEBUG_INFORMATION_FORMAT = "dwarf-with-dsym";
				ENABLE_NS_ASSERTIONS = NO;
				ENABLE_STRICT_OBJC_MSGSEND = YES;
				GCC_C_LANGUAGE_STANDARD = gnu99;
				GCC_NO_COMMON_BLOCKS = YES;
				GCC_WARN_64_TO_32_BIT_CONVERSION = YES;
				GCC_WARN_ABOUT_RETURN_TYPE = YES_ERROR;
				GCC_WARN_UNDECLARED_SELECTOR = YES;
				GCC_WARN_UNINITIALIZED_AUTOS = YES_AGGRESSIVE;
				GCC_WARN_UNUSED_FUNCTION = YES;
				GCC_WARN_UNUSED_VARIABLE = YES;
				IPHONEOS_DEPLOYMENT_TARGET = 10.3;
				MTL_ENABLE_DEBUG_INFO = NO;
				SDKROOT = iphoneos;
				SWIFT_OPTIMIZATION_LEVEL = "-Owholemodule";
				TARGETED_DEVICE_FAMILY = "1,2";
				VALIDATE_PRODUCT = YES;
			};
			name = Release;
		};
		4CA4D1E21EC4D4DA0010BE5F /* Debug */ = {
			isa = XCBuildConfiguration;
			baseConfigurationReference = C9C6CE100CA6235C7CE2C295 /* Pods-GG1L3Parse.debug.xcconfig */;
			buildSettings = {
				ASSETCATALOG_COMPILER_APPICON_NAME = AppIcon;
				DEVELOPMENT_TEAM = T6XM5LZMCJ;
				INFOPLIST_FILE = GG1L3Parse/Info.plist;
				LD_RUNPATH_SEARCH_PATHS = "$(inherited) @executable_path/Frameworks";
				PRODUCT_BUNDLE_IDENTIFIER = SmooshLabs.GG1L3Parse;
				PRODUCT_NAME = "$(TARGET_NAME)";
				SWIFT_VERSION = 3.0;
			};
			name = Debug;
		};
		4CA4D1E31EC4D4DA0010BE5F /* Release */ = {
			isa = XCBuildConfiguration;
			baseConfigurationReference = E8F2C99DB15566D5902318A1 /* Pods-GG1L3Parse.release.xcconfig */;
			buildSettings = {
				ASSETCATALOG_COMPILER_APPICON_NAME = AppIcon;
				DEVELOPMENT_TEAM = T6XM5LZMCJ;
				INFOPLIST_FILE = GG1L3Parse/Info.plist;
				LD_RUNPATH_SEARCH_PATHS = "$(inherited) @executable_path/Frameworks";
				PRODUCT_BUNDLE_IDENTIFIER = SmooshLabs.GG1L3Parse;
				PRODUCT_NAME = "$(TARGET_NAME)";
				SWIFT_VERSION = 3.0;
			};
			name = Release;
		};
/* End XCBuildConfiguration section */

/* Begin XCConfigurationList section */
		4CA4D1C81EC4D4DA0010BE5F /* Build configuration list for PBXProject "GG1L3Parse" */ = {
			isa = XCConfigurationList;
			buildConfigurations = (
				4CA4D1DF1EC4D4DA0010BE5F /* Debug */,
				4CA4D1E01EC4D4DA0010BE5F /* Release */,
			);
			defaultConfigurationIsVisible = 0;
			defaultConfigurationName = Release;
		};
		4CA4D1E11EC4D4DA0010BE5F /* Build configuration list for PBXNativeTarget "GG1L3Parse" */ = {
			isa = XCConfigurationList;
			buildConfigurations = (
				4CA4D1E21EC4D4DA0010BE5F /* Debug */,
				4CA4D1E31EC4D4DA0010BE5F /* Release */,
			);
			defaultConfigurationIsVisible = 0;
			defaultConfigurationName = Release;
		};
/* End XCConfigurationList section */

/* Begin XCVersionGroup section */
		4CA9C12F1ECF5AC500EC098D /* SecretDataModel.xcdatamodeld */ = {
			isa = XCVersionGroup;
			children = (
				4CA9C1301ECF5AC500EC098D /* SecretDataModel.xcdatamodel */,
			);
			currentVersion = 4CA9C1301ECF5AC500EC098D /* SecretDataModel.xcdatamodel */;
			path = SecretDataModel.xcdatamodeld;
			sourceTree = "<group>";
			versionGroupType = wrapper.xcdatamodel;
		};
/* End XCVersionGroup section */
	};
	rootObject = 4CA4D1C51EC4D4DA0010BE5F /* Project object */;
}
